
Microsoft Visual Studio Solution File, Format Version 12.00
# Visual Studio Version 17
VisualStudioVersion = 17.0.31903.59
MinimumVisualStudioVersion = 10.0.40219.1
Project("{2150E333-8FDC-42A3-9474-1A3956D46DE8}") = "src", "src", "{143471A6-F55E-48A7-A36D-3DA88C84145C}"
EndProject
Project("{FAE04EC0-301F-11D3-BF4B-00C04F79EFBC}") = "VCCad.Geometry", "src\VCCad.Geometry\VCCad.Geometry.csproj", "{BB658239-AB82-4744-A7AA-A0F923B9ED00}"
EndProject
Project("{FAE04EC0-301F-11D3-BF4B-00C04F79EFBC}") = "VCCad.Core", "src\VCCad.Core\VCCad.Core.csproj", "{09E5FA14-FD7E-4317-B78E-1DC861B668F3}"
EndProject
Project("{FAE04EC0-301F-11D3-BF4B-00C04F79EFBC}") = "VCCad.Pdf", "src\VCCad.Pdf\VCCad.Pdf.csproj", "{7A1979CF-117C-4EEA-A7EF-4F624BDA5C23}"
EndProject
Project("{FAE04EC0-301F-11D3-BF4B-00C04F79EFBC}") = "VCCad.Api", "src\VCCad.Api\VCCad.Api.csproj", "{2CCFE8D3-A2A2-429A-B739-1666DB6C4702}"
EndProject
Project("{FAE04EC0-301F-11D3-BF4B-00C04F79EFBC}") = "VCCad.App", "src\VCCad.App\VCCad.App.csproj", "{248A4E14-DDB7-4C0B-B50F-4A4D23DBE95F}"
EndProject
Project("{FAE04EC0-301F-11D3-BF4B-00C04F79EFBC}") = "VCCad.App.Browser", "src\VCCad.App.Browser\VCCad.App.Browser.csproj", "{3B4FBD52-4D34-403F-9B87-B2D642E15DF3}"
EndProject
Project("{2150E333-8FDC-42A3-9474-1A3956D46DE8}") = "tests", "tests", "{75DA829D-EEE0-4C2A-86F6-96CB054E1951}"
EndProject
Project("{FAE04EC0-301F-11D3-BF4B-00C04F79EFBC}") = "VCCad.Geometry.Tests", "tests\VCCad.Geometry.Tests\VCCad.Geometry.Tests.csproj", "{437B92C3-5167-4864-A612-8F7FB554BAA9}"
EndProject
Project("{FAE04EC0-301F-11D3-BF4B-00C04F79EFBC}") = "VCCad.Core.Tests", "tests\VCCad.Core.Tests\VCCad.Core.Tests.csproj", "{929CF39B-7274-4AA6-BC73-BDAD6CA73C34}"
EndProject
Project("{FAE04EC0-301F-11D3-BF4B-00C04F79EFBC}") = "VCCad.Pdf.Tests", "tests\VCCad.Pdf.Tests\VCCad.Pdf.Tests.csproj", "{86DA1DE0-B0A2-40B4-B003-6DDA1360FFFF}"
EndProject
Project("{FAE04EC0-301F-11D3-BF4B-00C04F79EFBC}") = "VCCad.Api.Integration.Tests", "tests\VCCad.Api.Integration.Tests\VCCad.Api.Integration.Tests.csproj", "{262C180B-BC4E-4953-9007-37DB218C11B7}"
EndProject
Global
	GlobalSection(SolutionConfigurationPlatforms) = preSolution
		Debug|Any CPU = Debug|Any CPU
		Release|Any CPU = Release|Any CPU
	EndGlobalSection
	GlobalSection(SolutionProperties) = preSolution
		HideSolutionNode = FALSE
	EndGlobalSection
	GlobalSection(ProjectConfigurationPlatforms) = postSolution
		{BB658239-AB82-4744-A7AA-A0F923B9ED00}.Debug|Any CPU.ActiveCfg = Debug|Any CPU
		{BB658239-AB82-4744-A7AA-A0F923B9ED00}.Debug|Any CPU.Build.0 = Debug|Any CPU
		{BB658239-AB82-4744-A7AA-A0F923B9ED00}.Release|Any CPU.ActiveCfg = Release|Any CPU
		{BB658239-AB82-4744-A7AA-A0F923B9ED00}.Release|Any CPU.Build.0 = Release|Any CPU
		{09E5FA14-FD7E-4317-B78E-1DC861B668F3}.Debug|Any CPU.ActiveCfg = Debug|Any CPU
		{09E5FA14-FD7E-4317-B78E-1DC861B668F3}.Debug|Any CPU.Build.0 = Debug|Any CPU
		{09E5FA14-FD7E-4317-B78E-1DC861B668F3}.Release|Any CPU.ActiveCfg = Release|Any CPU
		{09E5FA14-FD7E-4317-B78E-1DC861B668F3}.Release|Any CPU.Build.0 = Release|Any CPU
		{7A1979CF-117C-4EEA-A7EF-4F624BDA5C23}.Debug|Any CPU.ActiveCfg = Debug|Any CPU
		{7A1979CF-117C-4EEA-A7EF-4F624BDA5C23}.Debug|Any CPU.Build.0 = Debug|Any CPU
		{7A1979CF-117C-4EEA-A7EF-4F624BDA5C23}.Release|Any CPU.ActiveCfg = Release|Any CPU
		{7A1979CF-117C-4EEA-A7EF-4F624BDA5C23}.Release|Any CPU.Build.0 = Release|Any CPU
		{2CCFE8D3-A2A2-429A-B739-1666DB6C4702}.Debug|Any CPU.ActiveCfg = Debug|Any CPU
		{2CCFE8D3-A2A2-429A-B739-1666DB6C4702}.Debug|Any CPU.Build.0 = Debug|Any CPU
		{2CCFE8D3-A2A2-429A-B739-1666DB6C4702}.Release|Any CPU.ActiveCfg = Release|Any CPU
		{2CCFE8D3-A2A2-429A-B739-1666DB6C4702}.Release|Any CPU.Build.0 = Release|Any CPU
		{248A4E14-DDB7-4C0B-B50F-4A4D23DBE95F}.Debug|Any CPU.ActiveCfg = Debug|Any CPU
		{248A4E14-DDB7-4C0B-B50F-4A4D23DBE95F}.Debug|Any CPU.Build.0 = Debug|Any CPU
		{248A4E14-DDB7-4C0B-B50F-4A4D23DBE95F}.Release|Any CPU.ActiveCfg = Release|Any CPU
		{248A4E14-DDB7-4C0B-B50F-4A4D23DBE95F}.Release|Any CPU.Build.0 = Release|Any CPU
		{3B4FBD52-4D34-403F-9B87-B2D642E15DF3}.Debug|Any CPU.ActiveCfg = Debug|Any CPU
		{3B4FBD52-4D34-403F-9B87-B2D642E15DF3}.Debug|Any CPU.Build.0 = Debug|Any CPU
		{3B4FBD52-4D34-403F-9B87-B2D642E15DF3}.Release|Any CPU.ActiveCfg = Release|Any CPU
		{3B4FBD52-4D34-403F-9B87-B2D642E15DF3}.Release|Any CPU.Build.0 = Release|Any CPU
		{437B92C3-5167-4864-A612-8F7FB554BAA9}.Debug|Any CPU.ActiveCfg = Debug|Any CPU
		{437B92C3-5167-4864-A612-8F7FB554BAA9}.Debug|Any CPU.Build.0 = Debug|Any CPU
		{437B92C3-5167-4864-A612-8F7FB554BAA9}.Release|Any CPU.ActiveCfg = Release|Any CPU
		{437B92C3-5167-4864-A612-8F7FB554BAA9}.Release|Any CPU.Build.0 = Release|Any CPU
		{929CF39B-7274-4AA6-BC73-BDAD6CA73C34}.Debug|Any CPU.ActiveCfg = Debug|Any CPU
		{929CF39B-7274-4AA6-BC73-BDAD6CA73C34}.Debug|Any CPU.Build.0 = Debug|Any CPU
		{929CF39B-7274-4AA6-BC73-BDAD6CA73C34}.Release|Any CPU.ActiveCfg = Release|Any CPU
		{929CF39B-7274-4AA6-BC73-BDAD6CA73C34}.Release|Any CPU.Build.0 = Release|Any CPU
		{86DA1DE0-B0A2-40B4-B003-6DDA1360FFFF}.Debug|Any CPU.ActiveCfg = Debug|Any CPU
		{86DA1DE0-B0A2-40B4-B003-6DDA1360FFFF}.Debug|Any CPU.Build.0 = Debug|Any CPU
		{86DA1DE0-B0A2-40B4-B003-6DDA1360FFFF}.Release|Any CPU.ActiveCfg = Release|Any CPU
		{86DA1DE0-B0A2-40B4-B003-6DDA1360FFFF}.Release|Any CPU.Build.0 = Release|Any CPU
		{262C180B-BC4E-4953-9007-37DB218C11B7}.Debug|Any CPU.ActiveCfg = Debug|Any CPU
		{262C180B-BC4E-4953-9007-37DB218C11B7}.Debug|Any CPU.Build.0 = Debug|Any CPU
		{262C180B-BC4E-4953-9007-37DB218C11B7}.Release|Any CPU.ActiveCfg = Release|Any CPU
		{262C180B-BC4E-4953-9007-37DB218C11B7}.Release|Any CPU.Build.0 = Release|Any CPU
	EndGlobalSection
	GlobalSection(NestedProjects) = preSolution
		{BB658239-AB82-4744-A7AA-A0F923B9ED00} = {143471A6-F55E-48A7-A36D-3DA88C84145C}
		{09E5FA14-FD7E-4317-B78E-1DC861B668F3} = {143471A6-F55E-48A7-A36D-3DA88C84145C}
		{7A1979CF-117C-4EEA-A7EF-4F624BDA5C23} = {143471A6-F55E-48A7-A36D-3DA88C84145C}
		{2CCFE8D3-A2A2-429A-B739-1666DB6C4702} = {143471A6-F55E-48A7-A36D-3DA88C84145C}
		{248A4E14-DDB7-4C0B-B50F-4A4D23DBE95F} = {143471A6-F55E-48A7-A36D-3DA88C84145C}
		{3B4FBD52-4D34-403F-9B87-B2D642E15DF3} = {143471A6-F55E-48A7-A36D-3DA88C84145C}
		{437B92C3-5167-4864-A612-8F7FB554BAA9} = {75DA829D-EEE0-4C2A-86F6-96CB054E1951}
		{929CF39B-7274-4AA6-BC73-BDAD6CA73C34} = {75DA829D-EEE0-4C2A-86F6-96CB054E1951}
		{86DA1DE0-B0A2-40B4-B003-6DDA1360FFFF} = {75DA829D-EEE0-4C2A-86F6-96CB054E1951}
		{262C180B-BC4E-4953-9007-37DB218C11B7} = {75DA829D-EEE0-4C2A-86F6-96CB054E1951}
	EndGlobalSection
EndGlobal
